
Microsoft Visual Studio Solution File, Format Version 12.00
# Visual Studio Version 17
VisualStudioVersion = 17.6.33815.320
MinimumVisualStudioVersion = 10.0.40219.1
Project("{9A19103F-16F7-4668-BE54-9A1E7A4F7556}") = "DAL", "DAL\DAL.csproj", "{379E860A-F96C-4A27-B453-9C1A2CD36DEA}"
EndProject
Project("{9A19103F-16F7-4668-BE54-9A1E7A4F7556}") = "GUI", "GUI\GUI.csproj", "{DF72467F-E97D-4BEC-BEB9-E2EBBC5AE598}"
EndProject
Project("{FAE04EC0-301F-11D3-BF4B-00C04F79EFBC}") = "BLL", "BLL\BLL.csproj", "{C04073AC-1E77-43EE-914D-98D2CC7DFD51}"
EndProject
Project("{FAE04EC0-301F-11D3-BF4B-00C04F79EFBC}") = "DTO", "DTO\DTO.csproj", "{2FFA68B5-2C71-476D-B5F6-7DAD6C547854}"
EndProject
Global
	GlobalSection(SolutionConfigurationPlatforms) = preSolution
		Debug|Any CPU = Debug|Any CPU
		Release|Any CPU = Release|Any CPU
	EndGlobalSection
	GlobalSection(ProjectConfigurationPlatforms) = postSolution
		{379E860A-F96C-4A27-B453-9C1A2CD36DEA}.Debug|Any CPU.ActiveCfg = Debug|Any CPU
		{379E860A-F96C-4A27-B453-9C1A2CD36DEA}.Debug|Any CPU.Build.0 = Debug|Any CPU
		{379E860A-F96C-4A27-B453-9C1A2CD36DEA}.Release|Any CPU.ActiveCfg = Release|Any CPU
		{379E860A-F96C-4A27-B453-9C1A2CD36DEA}.Release|Any CPU.Build.0 = Release|Any CPU
		{DF72467F-E97D-4BEC-BEB9-E2EBBC5AE598}.Debug|Any CPU.ActiveCfg = Debug|Any CPU
		{DF72467F-E97D-4BEC-BEB9-E2EBBC5AE598}.Debug|Any CPU.Build.0 = Debug|Any CPU
		{DF72467F-E97D-4BEC-BEB9-E2EBBC5AE598}.Release|Any CPU.ActiveCfg = Release|Any CPU
		{DF72467F-E97D-4BEC-BEB9-E2EBBC5AE598}.Release|Any CPU.Build.0 = Release|Any CPU
		{C04073AC-1E77-43EE-914D-98D2CC7DFD51}.Debug|Any CPU.ActiveCfg = Debug|Any CPU
		{C04073AC-1E77-43EE-914D-98D2CC7DFD51}.Debug|Any CPU.Build.0 = Debug|Any CPU
		{C04073AC-1E77-43EE-914D-98D2CC7DFD51}.Release|Any CPU.ActiveCfg = Release|Any CPU
		{C04073AC-1E77-43EE-914D-98D2CC7DFD51}.Release|Any CPU.Build.0 = Release|Any CPU
		{2FFA68B5-2C71-476D-B5F6-7DAD6C547854}.Debug|Any CPU.ActiveCfg = Debug|Any CPU
		{2FFA68B5-2C71-476D-B5F6-7DAD6C547854}.Debug|Any CPU.Build.0 = Debug|Any CPU
		{2FFA68B5-2C71-476D-B5F6-7DAD6C547854}.Release|Any CPU.ActiveCfg = Release|Any CPU
		{2FFA68B5-2C71-476D-B5F6-7DAD6C547854}.Release|Any CPU.Build.0 = Release|Any CPU
	EndGlobalSection
	GlobalSection(SolutionProperties) = preSolution
		HideSolutionNode = FALSE
	EndGlobalSection
	GlobalSection(ExtensibilityGlobals) = postSolution
		SolutionGuid = {C7C8DC42-77B0-4446-812B-09893BEDFC42}
	EndGlobalSection
EndGlobal
